<?xml version="1.0" encoding="utf-8"?>
<Project ToolsVersion="4.0" xmlns="http://schemas.microsoft.com/developer/msbuild/2003">
  <ItemGroup>
    <Filter Include="Source Files">
      <UniqueIdentifier>{4FC737F1-C7A5-4376-A066-2A32D752A2FF}</UniqueIdentifier>
      <Extensions>cpp;c;cc;cxx;def;odl;idl;hpj;bat;asm;asmx</Extensions>
    </Filter>
    <Filter Include="Header Files">
      <UniqueIdentifier>{93995380-89BD-4b04-88EB-625FBE52EBFB}</UniqueIdentifier>
      <Extensions>h;hh;hpp;hxx;hm;inl;inc;ipp;xsd</Extensions>
    </Filter>
    <Filter Include="Resource Files">
      <UniqueIdentifier>{67DA6AB6-F800-4c08-8B7A-83BB121AAD01}</UniqueIdentifier>
      <Extensions>rc;ico;cur;bmp;dlg;rc2;rct;bin;rgs;gif;jpg;jpeg;jpe;resx;tiff;tif;png;wav;mfcribbon-ms</Extensions>
    </Filter>
    <Filter Include="Source Files\penguine">
      <UniqueIdentifier>{f7f5e0dc-86d6-4823-829b-884cc8a251f7}</UniqueIdentifier>
    </Filter>
    <Filter Include="Header Files\penguine">
      <UniqueIdentifier>{dda6dbf0-561b-4797-bfc9-2ede2cb9d569}</UniqueIdentifier>
    </Filter>
    <Filter Include="Header Files\penguine\Core">
      <UniqueIdentifier>{fbd6eb9c-81e0-4098-a5de-8af84ded1707}</UniqueIdentifier>
    </Filter>
    <Filter Include="Source Files\penguine\Core">
      <UniqueIdentifier>{9ab3c895-33da-4ab0-9a6d-7026b999b024}</UniqueIdentifier>
    </Filter>
    <Filter Include="Header Files\penguine\Components">
      <UniqueIdentifier>{bcd15bc2-996c-4487-a386-41344808c4c3}</UniqueIdentifier>
    </Filter>
    <Filter Include="Source Files\penguine\Components">
      <UniqueIdentifier>{89f8afac-6227-4941-9524-6dcc089c34d0}</UniqueIdentifier>
    </Filter>
    <Filter Include="Source Files\penguine\GameObject">
      <UniqueIdentifier>{dc9414d4-1766-4af2-97b5-a449f118a922}</UniqueIdentifier>
    </Filter>
    <Filter Include="Header Files\penguine\GameObject">
      <UniqueIdentifier>{0c90042e-8ab6-4b79-bea2-c724ccfe7631}</UniqueIdentifier>
    </Filter>
  </ItemGroup>
  <ItemGroup>
    <ClCompile Include="main.cpp">
      <Filter>Source Files</Filter>
    </ClCompile>
    <ClCompile Include="Engine.cpp">
      <Filter>Source Files\penguine\Core</Filter>
    </ClCompile>
    <ClCompile Include="Graphics.cpp">
      <Filter>Source Files\penguine\Core</Filter>
    </ClCompile>
    <ClCompile Include="Time.cpp">
      <Filter>Source Files\penguine\Core</Filter>
    </ClCompile>
    <ClCompile Include="SpriteRenderer.cpp">
      <Filter>Source Files\penguine\Components</Filter>
    </ClCompile>
    <ClCompile Include="Transform.cpp">
      <Filter>Source Files\penguine\Components</Filter>
    </ClCompile>
    <ClCompile Include="Component.cpp">
      <Filter>Source Files\penguine\GameObject</Filter>
    </ClCompile>
    <ClCompile Include="GameObject.cpp">
      <Filter>Source Files\penguine\GameObject</Filter>
    </ClCompile>
    <ClCompile Include="PenguineObject.cpp">
      <Filter>Source Files\penguine\Core</Filter>
    </ClCompile>
    <ClCompile Include="Scene.cpp">
      <Filter>Source Files\penguine\GameObject</Filter>
    </ClCompile>
    <ClCompile Include="Input.cpp">
      <Filter>Source Files\penguine\Core</Filter>
    </ClCompile>
  </ItemGroup>
  <ItemGroup>
    <ClInclude Include="Engine.h">
      <Filter>Header Files\penguine\Core</Filter>
    </ClInclude>
    <ClInclude Include="Graphics.h">
      <Filter>Header Files\penguine\Core</Filter>
    </ClInclude>
    <ClInclude Include="SpriteRenderer.h">
      <Filter>Header Files\penguine\Components</Filter>
    </ClInclude>
    <ClInclude Include="Time.h">
      <Filter>Header Files\penguine\Core</Filter>
    </ClInclude>
    <ClInclude Include="Transform.h">
      <Filter>Header Files\penguine\Components</Filter>
    </ClInclude>
    <ClInclude Include="Component.h">
      <Filter>Header Files\penguine\GameObject</Filter>
    </ClInclude>
    <ClInclude Include="GameObject.h">
      <Filter>Header Files\penguine\GameObject</Filter>
    </ClInclude>
    <ClInclude Include="Scene.h">
      <Filter>Header Files\penguine\GameObject</Filter>
    </ClInclude>
    <ClInclude Include="PenguineObject.h">
      <Filter>Header Files\penguine\Core</Filter>
    </ClInclude>
    <ClInclude Include="SystemSettings.h">
      <Filter>Header Files\penguine\Core</Filter>
    </ClInclude>
    <ClInclude Include="Input.h">
      <Filter>Header Files\penguine\Core</Filter>
    </ClInclude>
  </ItemGroup>
</Project>